%{"certifi": {:hex, :certifi, "0.3.0"},
  "connection": {:hex, :connection, "1.0.2"},
  "cowboy": {:hex, :cowboy, "1.0.4"},
  "cowlib": {:hex, :cowlib, "1.0.2"},
  "decimal": {:hex, :decimal, "1.1.1"},
  "dotenv": {:hex, :dotenv, "2.0.0"},
  "ecto": {:hex, :ecto, "1.1.1"},
  "ed25519": {:git, "https://github.com/schnef/ed25519.git", "ce77d4abc8646f3a9ca9e97f1c12cbe97bd17632", []},
  "enacl": {:git, "https://github.com/tonyg/erlang-nacl.git", "1fe4a3716a2fa3c002b5d1ca2f7712895704a32f", []},
  "fs": {:hex, :fs, "0.9.2"},
  "gettext": {:hex, :gettext, "0.9.0"},
  "hackney": {:hex, :hackney, "1.4.8"},
  "httpoison": {:hex, :httpoison, "0.8.0"},
  "idna": {:hex, :idna, "1.0.3"},
  "libsodium": {:git, "https://github.com/potatosalad/erlang-libsodium.git", "38475c3dd725ca8b9209a08db9d644fa96677814", []},
  "mimerl": {:hex, :mimerl, "1.0.2"},
  "mimetype_parser": {:hex, :mimetype_parser, "0.1.0"},
  "nacl": {:git, "https://github.com/tonyg/erlang-nacl.git", "1fe4a3716a2fa3c002b5d1ca2f7712895704a32f", []},
  "oauth2": {:hex, :oauth2, "0.5.0"},
  "phoenix": {:hex, :phoenix, "1.1.1"},
  "phoenix_ecto": {:hex, :phoenix_ecto, "2.0.0"},
  "phoenix_html": {:hex, :phoenix_html, "2.3.0"},
  "phoenix_live_reload": {:hex, :phoenix_live_reload, "1.0.1"},
  "plug": {:hex, :plug, "1.0.3"},
  "poison": {:hex, :poison, "1.5.0"},
  "poolboy": {:hex, :poolboy, "1.5.1"},
  "postgrex": {:hex, :postgrex, "0.10.0"},
  "ranch": {:hex, :ranch, "1.2.0"},
  "savory": {:hex, :savory, "0.0.2"},
  "ssl_verify_hostname": {:hex, :ssl_verify_hostname, "1.0.5"}}
